
Microsoft Visual Studio Solution File, Format Version 12.00
# Visual Studio Version 16
VisualStudioVersion = 16.0.30804.86
MinimumVisualStudioVersion = 10.0.40219.1
Project("{FAE04EC0-301F-11D3-BF4B-00C04F79EFBC}") = "Ziegler nichols calculator", "Ziegler nichols calculator\Ziegler nichols calculator.csproj", "{D0E95D2D-EAB4-4285-AE63-22A837B84B83}"
EndProject
Global
	GlobalSection(SolutionConfigurationPlatforms) = preSolution
		Debug|Any CPU = Debug|Any CPU
		Release|Any CPU = Release|Any CPU
	EndGlobalSection
	GlobalSection(ProjectConfigurationPlatforms) = postSolution
		{D0E95D2D-EAB4-4285-AE63-22A837B84B83}.Debug|Any CPU.ActiveCfg = Debug|Any CPU
		{D0E95D2D-EAB4-4285-AE63-22A837B84B83}.Debug|Any CPU.Build.0 = Debug|Any CPU
		{D0E95D2D-EAB4-4285-AE63-22A837B84B83}.Release|Any CPU.ActiveCfg = Release|Any CPU
		{D0E95D2D-EAB4-4285-AE63-22A837B84B83}.Release|Any CPU.Build.0 = Release|Any CPU
	EndGlobalSection
	GlobalSection(SolutionProperties) = preSolution
		HideSolutionNode = FALSE
	EndGlobalSection
	GlobalSection(ExtensibilityGlobals) = postSolution
		SolutionGuid = {E6A75A46-ACEC-45F9-B50A-5CBDB50320A0}
	EndGlobalSection
EndGlobal
